[[package]]
name = "base64"
version = "0.9.1"
source = "registry+https://github.com/rust-lang/crates.io-index"
dependencies = [
 "byteorder 1.2.3 (registry+https://github.com/rust-lang/crates.io-index)",
 "safemem 0.2.0 (registry+https://github.com/rust-lang/crates.io-index)",
]

[[package]]
name = "byteorder"
version = "1.2.3"
source = "registry+https://github.com/rust-lang/crates.io-index"

[[package]]
name = "cc"
version = "1.0.15"
source = "registry+https://github.com/rust-lang/crates.io-index"

[[package]]
name = "dtoa"
version = "0.4.2"
source = "registry+https://github.com/rust-lang/crates.io-index"

[[package]]
name = "factorio"
version = "0.1.0"
dependencies = [
 "base64 0.9.1 (registry+https://github.com/rust-lang/crates.io-index)",
 "flate2 1.0.1 (registry+https://github.com/rust-lang/crates.io-index)",
 "serde 1.0.55 (registry+https://github.com/rust-lang/crates.io-index)",
 "serde_derive 1.0.59 (registry+https://github.com/rust-lang/crates.io-index)",
 "serde_json 1.0.17 (registry+https://github.com/rust-lang/crates.io-index)",
 "serde_yaml 0.7.4 (registry+https://github.com/rust-lang/crates.io-index)",
]

[[package]]
name = "flate2"
version = "1.0.1"
source = "registry+https://github.com/rust-lang/crates.io-index"
dependencies = [
 "libc 0.2.40 (registry+https://github.com/rust-lang/crates.io-index)",
 "miniz-sys 0.1.10 (registry+https://github.com/rust-lang/crates.io-index)",
]

[[package]]
name = "itoa"
version = "0.4.1"
source = "registry+https://github.com/rust-lang/crates.io-index"

[[package]]
name = "libc"
version = "0.2.40"
source = "registry+https://github.com/rust-lang/crates.io-index"

[[package]]
name = "linked-hash-map"
version = "0.5.1"
source = "registry+https://github.com/rust-lang/crates.io-index"

[[package]]
name = "miniz-sys"
version = "0.1.10"
source = "registry+https://github.com/rust-lang/crates.io-index"
dependencies = [
 "cc 1.0.15 (registry+https://github.com/rust-lang/crates.io-index)",
 "libc 0.2.40 (registry+https://github.com/rust-lang/crates.io-index)",
]

[[package]]
name = "proc-macro2"
version = "0.4.3"
source = "registry+https://github.com/rust-lang/crates.io-index"
dependencies = [
 "unicode-xid 0.1.0 (registry+https://github.com/rust-lang/crates.io-index)",
]

[[package]]
name = "quote"
version = "0.6.2"
source = "registry+https://github.com/rust-lang/crates.io-index"
dependencies = [
 "proc-macro2 0.4.3 (registry+https://github.com/rust-lang/crates.io-index)",
]

[[package]]
name = "safemem"
version = "0.2.0"
source = "registry+https://github.com/rust-lang/crates.io-index"

[[package]]
name = "serde"
version = "1.0.55"
source = "registry+https://github.com/rust-lang/crates.io-index"

[[package]]
name = "serde_derive"
version = "1.0.59"
source = "registry+https://github.com/rust-lang/crates.io-index"
dependencies = [
 "proc-macro2 0.4.3 (registry+https://github.com/rust-lang/crates.io-index)",
 "quote 0.6.2 (registry+https://github.com/rust-lang/crates.io-index)",
 "syn 0.14.0 (registry+https://github.com/rust-lang/crates.io-index)",
]

[[package]]
name = "serde_json"
version = "1.0.17"
source = "registry+https://github.com/rust-lang/crates.io-index"
dependencies = [
 "dtoa 0.4.2 (registry+https://github.com/rust-lang/crates.io-index)",
 "itoa 0.4.1 (registry+https://github.com/rust-lang/crates.io-index)",
 "serde 1.0.55 (registry+https://github.com/rust-lang/crates.io-index)",
]

[[package]]
name = "serde_yaml"
version = "0.7.4"
source = "registry+https://github.com/rust-lang/crates.io-index"
dependencies = [
 "dtoa 0.4.2 (registry+https://github.com/rust-lang/crates.io-index)",
 "linked-hash-map 0.5.1 (registry+https://github.com/rust-lang/crates.io-index)",
 "serde 1.0.55 (registry+https://github.com/rust-lang/crates.io-index)",
 "yaml-rust 0.4.0 (registry+https://github.com/rust-lang/crates.io-index)",
]

[[package]]
name = "syn"
version = "0.14.0"
source = "registry+https://github.com/rust-lang/crates.io-index"
dependencies = [
 "proc-macro2 0.4.3 (registry+https://github.com/rust-lang/crates.io-index)",
 "quote 0.6.2 (registry+https://github.com/rust-lang/crates.io-index)",
 "unicode-xid 0.1.0 (registry+https://github.com/rust-lang/crates.io-index)",
]

[[package]]
name = "unicode-xid"
version = "0.1.0"
source = "registry+https://github.com/rust-lang/crates.io-index"

[[package]]
name = "yaml-rust"
version = "0.4.0"
source = "registry+https://github.com/rust-lang/crates.io-index"
dependencies = [
 "linked-hash-map 0.5.1 (registry+https://github.com/rust-lang/crates.io-index)",
]

[metadata]
"checksum base64 0.9.1 (registry+https://github.com/rust-lang/crates.io-index)" = "9263aa6a38da271eec5c91a83ce1e800f093c8535788d403d626d8d5c3f8f007"
"checksum byteorder 1.2.3 (registry+https://github.com/rust-lang/crates.io-index)" = "74c0b906e9446b0a2e4f760cdb3fa4b2c48cdc6db8766a845c54b6ff063fd2e9"
"checksum cc 1.0.15 (registry+https://github.com/rust-lang/crates.io-index)" = "0ebb87d1116151416c0cf66a0e3fb6430cccd120fd6300794b4dfaa050ac40ba"
"checksum dtoa 0.4.2 (registry+https://github.com/rust-lang/crates.io-index)" = "09c3753c3db574d215cba4ea76018483895d7bff25a31b49ba45db21c48e50ab"
"checksum flate2 1.0.1 (registry+https://github.com/rust-lang/crates.io-index)" = "9fac2277e84e5e858483756647a9d0aa8d9a2b7cba517fd84325a0aaa69a0909"
"checksum itoa 0.4.1 (registry+https://github.com/rust-lang/crates.io-index)" = "c069bbec61e1ca5a596166e55dfe4773ff745c3d16b700013bcaff9a6df2c682"
"checksum libc 0.2.40 (registry+https://github.com/rust-lang/crates.io-index)" = "6fd41f331ac7c5b8ac259b8bf82c75c0fb2e469bbf37d2becbba9a6a2221965b"
"checksum linked-hash-map 0.5.1 (registry+https://github.com/rust-lang/crates.io-index)" = "70fb39025bc7cdd76305867c4eccf2f2dcf6e9a57f5b21a93e1c2d86cd03ec9e"
"checksum miniz-sys 0.1.10 (registry+https://github.com/rust-lang/crates.io-index)" = "609ce024854aeb19a0ef7567d348aaa5a746b32fb72e336df7fcc16869d7e2b4"
"checksum proc-macro2 0.4.3 (registry+https://github.com/rust-lang/crates.io-index)" = "a45f2f0ae0b5757f6fe9e68745ba25f5246aea3598984ed81d013865873c1f84"
"checksum quote 0.6.2 (registry+https://github.com/rust-lang/crates.io-index)" = "9e53eeda07ddbd8b057dde66d9beded11d0dfda13f0db0769e6b71d6bcf2074e"
"checksum safemem 0.2.0 (registry+https://github.com/rust-lang/crates.io-index)" = "e27a8b19b835f7aea908818e871f5cc3a5a186550c30773be987e155e8163d8f"
"checksum serde 1.0.55 (registry+https://github.com/rust-lang/crates.io-index)" = "97f6a6c3caba0cf8f883b53331791036404ce3c1bd895961cf8bb2f8cecfd84b"
"checksum serde_derive 1.0.59 (registry+https://github.com/rust-lang/crates.io-index)" = "94bb618afe46430c6b089e9b111dc5b2fcd3e26a268da0993f6d16bea51c6021"
"checksum serde_json 1.0.17 (registry+https://github.com/rust-lang/crates.io-index)" = "f3ad6d546e765177cf3dded3c2e424a8040f870083a0e64064746b958ece9cb1"
"checksum serde_yaml 0.7.4 (registry+https://github.com/rust-lang/crates.io-index)" = "107bb818146aaf922e7bbcf6a940f1db2f0dcf381779b451e400331b2c6f86db"
"checksum syn 0.14.0 (registry+https://github.com/rust-lang/crates.io-index)" = "99d991a9e7c33123925e511baab68f7ec25c3795962fe326a2395e5a42a614f0"
"checksum unicode-xid 0.1.0 (registry+https://github.com/rust-lang/crates.io-index)" = "fc72304796d0818e357ead4e000d19c9c174ab23dc11093ac919054d20a6a7fc"
"checksum yaml-rust 0.4.0 (registry+https://github.com/rust-lang/crates.io-index)" = "57ab38ee1a4a266ed033496cf9af1828d8d6e6c1cfa5f643a2809effcae4d628"
